
Microsoft Visual Studio Solution File, Format Version 12.00
# Visual Studio Version 16
VisualStudioVersion = 16.0.30717.126
MinimumVisualStudioVersion = 10.0.40219.1
Project("{FAE04EC0-301F-11D3-BF4B-00C04F79EFBC}") = "LINQ_HomeWork", "LINQ_HomeWork\LINQ_HomeWork.csproj", "{3B56ED22-2C07-4CED-AE28-CD20E7398B76}"
EndProject
Global
	GlobalSection(SolutionConfigurationPlatforms) = preSolution
		Debug|Any CPU = Debug|Any CPU
		Release|Any CPU = Release|Any CPU
	EndGlobalSection
	GlobalSection(ProjectConfigurationPlatforms) = postSolution
		{3B56ED22-2C07-4CED-AE28-CD20E7398B76}.Debug|Any CPU.ActiveCfg = Debug|Any CPU
		{3B56ED22-2C07-4CED-AE28-CD20E7398B76}.Debug|Any CPU.Build.0 = Debug|Any CPU
		{3B56ED22-2C07-4CED-AE28-CD20E7398B76}.Release|Any CPU.ActiveCfg = Release|Any CPU
		{3B56ED22-2C07-4CED-AE28-CD20E7398B76}.Release|Any CPU.Build.0 = Release|Any CPU
	EndGlobalSection
	GlobalSection(SolutionProperties) = preSolution
		HideSolutionNode = FALSE
	EndGlobalSection
	GlobalSection(ExtensibilityGlobals) = postSolution
		SolutionGuid = {C24614C7-507B-4D5D-AF11-5C5BEC2E9DD4}
	EndGlobalSection
EndGlobal
